
Microsoft Visual Studio Solution File, Format Version 12.00
# Visual Studio Version 17
VisualStudioVersion = 17.5.33530.505
MinimumVisualStudioVersion = 10.0.40219.1
Project("{8BC9CEB8-8B4A-11D0-8D11-00A0C91BC942}") = "Beaver", "Beaver\Beaver.vcxproj", "{C93CA467-AFF1-4225-ADBB-3735C50E2238}"
EndProject
Project("{8BC9CEB8-8B4A-11D0-8D11-00A0C91BC942}") = "Sandbox", "Sandbox\Sandbox.vcxproj", "{D8F15B7F-DE55-4712-8AE3-117778F3E810}"
EndProject
Global
	GlobalSection(SolutionConfigurationPlatforms) = preSolution
		Debug|x64 = Debug|x64
		Release|x64 = Release|x64
	EndGlobalSection
	GlobalSection(ProjectConfigurationPlatforms) = postSolution
		{C93CA467-AFF1-4225-ADBB-3735C50E2238}.Debug|x64.ActiveCfg = Debug|x64
		{C93CA467-AFF1-4225-ADBB-3735C50E2238}.Debug|x64.Build.0 = Debug|x64
		{C93CA467-AFF1-4225-ADBB-3735C50E2238}.Release|x64.ActiveCfg = Release|x64
		{C93CA467-AFF1-4225-ADBB-3735C50E2238}.Release|x64.Build.0 = Release|x64
		{D8F15B7F-DE55-4712-8AE3-117778F3E810}.Debug|x64.ActiveCfg = Debug|x64
		{D8F15B7F-DE55-4712-8AE3-117778F3E810}.Debug|x64.Build.0 = Debug|x64
		{D8F15B7F-DE55-4712-8AE3-117778F3E810}.Release|x64.ActiveCfg = Release|x64
		{D8F15B7F-DE55-4712-8AE3-117778F3E810}.Release|x64.Build.0 = Release|x64
	EndGlobalSection
	GlobalSection(SolutionProperties) = preSolution
		HideSolutionNode = FALSE
	EndGlobalSection
	GlobalSection(ExtensibilityGlobals) = postSolution
		SolutionGuid = {4C228814-6F9E-4B70-828E-A4AC889AC990}
	EndGlobalSection
EndGlobal
